# config/tools.lock — auto-generated after tool installation
# Tracks exact versions installed for reproducible builds
# Generated by: dotfiles install-tools --save-lock

# DO NOT EDIT MANUALLY — regenerated on each install
# To pin versions: edit config/tools.toml and run ./install.sh

[meta]
generated_at = "2026-06-22T00:00:00Z"
lock_version = "1.0"

# Tool installation records
# [tool.NAME]
# version = "X.Y.Z"
# installed_at = "ISO8601_timestamp"
# checksum = "sha256:..."  # Optional: for reproducibility

# Example entries (auto-populated on install):
# [tool.fzf]
# version = "0.54.0"
# installed_at = "2026-06-22T14:30:00Z"
# checksum = "sha256:abc123def456..."
